{
  "name": "gphoto2",
  "version": "1.0.0",
  "lockfileVersion": 3,
  "requires": true,
  "packages": {
    "": {
      "name": "gphoto2",
      "version": "1.0.0",
      "license": "MIT",
      "dependencies": {
        "@dimensional/napi-canon-cameras": "file:node_packages/@dimensional/napi-canon-cameras.tgz"
      }
    },
    "node_modules/@dimensional/napi-canon-cameras": {
      "version": "0.1.0",
      "resolved": "file:node_packages/@dimensional/napi-canon-cameras.tgz",
      "integrity": "sha512-nuWPR1vhkhKXYrKPfcui0DX9ST9FE3cQH6NnTk4WK2HhLGBwT+wyBUVigGJcBfn2PkiXavFz2ndPlPp9yDL8TA==",
      "hasInstallScript": true,
      "license": "GPL-3.0-or-later",
      "dependencies": {
        "node-addon-api": "^5.0.0",
        "node-gyp-build": "^4.5.0"
      }
    },
    "node_modules/node-addon-api": {
      "version": "5.1.0",
      "resolved": "https://registry.npmjs.org/node-addon-api/-/node-addon-api-5.1.0.tgz",
      "integrity": "sha512-eh0GgfEkpnoWDq+VY8OyvYhFEzBk6jIYbRKdIlyTiAXIVJ8PyBaKb0rp7oDtoddbdoHWhq8wwr+XZ81F1rpNdA=="
    },
    "node_modules/node-gyp-build": {
      "version": "4.8.0",
      "resolved": "https://registry.npmjs.org/node-gyp-build/-/node-gyp-build-4.8.0.tgz",
      "integrity": "sha512-u6fs2AEUljNho3EYTJNBfImO5QTo/J/1Etd+NVdCj7qWKUSN/bSLkZwhDv7I+w/MSC6qJ4cknepkAYykDdK8og==",
      "bin": {
        "node-gyp-build": "bin.js",
        "node-gyp-build-optional": "optional.js",
        "node-gyp-build-test": "build-test.js"
      }
    }
  }
}
